{
  "originHash" : "2343ca8f6ff5444f96547e8a34d160ba7b57dc061cc6f343507bc72e56017120",
  "pins" : [
    {
      "identity" : "openimmersivelib",
      "kind" : "remoteSourceControl",
      "location" : "https://github.com/acuteimmersive/openimmersivelib",
      "state" : {
        "revision" : "c3efacc9307f4f8f2ad660b6f67a6b0397812fd2",
        "version" : "1.2.1"
      }
    }
  ],
  "version" : 3
}
